
Microsoft Visual Studio Solution File, Format Version 12.00
# Visual Studio Version 17
VisualStudioVersion = 17.9.34728.123
MinimumVisualStudioVersion = 10.0.40219.1
Project("{9A19103F-16F7-4668-BE54-9A1E7A4F7556}") = "LotteryProject.Server", "LotteryProject\LotteryProject.Server.csproj", "{8DC2BB2C-3F19-447C-AAC2-9E1DAF5B3DE1}"
EndProject
Project("{9A19103F-16F7-4668-BE54-9A1E7A4F7556}") = "LotteryProject.Models", "LotteryProject.Models\LotteryProject.Models.csproj", "{49C51509-A2E3-4EA4-ACF4-689E3C968073}"
EndProject
Project("{9A19103F-16F7-4668-BE54-9A1E7A4F7556}") = "LotteryProject.EFCore", "LotteryProject.EFCore\LotteryProject.EFCore.csproj", "{C54F86D8-7F48-4351-A2EC-223E29D1F7BE}"
EndProject
Project("{FAE04EC0-301F-11D3-BF4B-00C04F79EFBC}") = "LotteryProject.UnitTests", "LotteryProject.UnitTests\LotteryProject.UnitTests.csproj", "{B5DE9CDA-5157-4F18-AD8A-1505E589B2D8}"
EndProject
Global
	GlobalSection(SolutionConfigurationPlatforms) = preSolution
		Debug|Any CPU = Debug|Any CPU
		Release|Any CPU = Release|Any CPU
	EndGlobalSection
	GlobalSection(ProjectConfigurationPlatforms) = postSolution
		{8DC2BB2C-3F19-447C-AAC2-9E1DAF5B3DE1}.Debug|Any CPU.ActiveCfg = Debug|Any CPU
		{8DC2BB2C-3F19-447C-AAC2-9E1DAF5B3DE1}.Debug|Any CPU.Build.0 = Debug|Any CPU
		{8DC2BB2C-3F19-447C-AAC2-9E1DAF5B3DE1}.Release|Any CPU.ActiveCfg = Release|Any CPU
		{8DC2BB2C-3F19-447C-AAC2-9E1DAF5B3DE1}.Release|Any CPU.Build.0 = Release|Any CPU
		{49C51509-A2E3-4EA4-ACF4-689E3C968073}.Debug|Any CPU.ActiveCfg = Debug|Any CPU
		{49C51509-A2E3-4EA4-ACF4-689E3C968073}.Debug|Any CPU.Build.0 = Debug|Any CPU
		{49C51509-A2E3-4EA4-ACF4-689E3C968073}.Release|Any CPU.ActiveCfg = Release|Any CPU
		{49C51509-A2E3-4EA4-ACF4-689E3C968073}.Release|Any CPU.Build.0 = Release|Any CPU
		{C54F86D8-7F48-4351-A2EC-223E29D1F7BE}.Debug|Any CPU.ActiveCfg = Debug|Any CPU
		{C54F86D8-7F48-4351-A2EC-223E29D1F7BE}.Debug|Any CPU.Build.0 = Debug|Any CPU
		{C54F86D8-7F48-4351-A2EC-223E29D1F7BE}.Release|Any CPU.ActiveCfg = Release|Any CPU
		{C54F86D8-7F48-4351-A2EC-223E29D1F7BE}.Release|Any CPU.Build.0 = Release|Any CPU
		{B5DE9CDA-5157-4F18-AD8A-1505E589B2D8}.Debug|Any CPU.ActiveCfg = Debug|Any CPU
		{B5DE9CDA-5157-4F18-AD8A-1505E589B2D8}.Debug|Any CPU.Build.0 = Debug|Any CPU
		{B5DE9CDA-5157-4F18-AD8A-1505E589B2D8}.Release|Any CPU.ActiveCfg = Release|Any CPU
		{B5DE9CDA-5157-4F18-AD8A-1505E589B2D8}.Release|Any CPU.Build.0 = Release|Any CPU
	EndGlobalSection
	GlobalSection(SolutionProperties) = preSolution
		HideSolutionNode = FALSE
	EndGlobalSection
	GlobalSection(ExtensibilityGlobals) = postSolution
		SolutionGuid = {1B878A23-BB91-4FD4-B289-103DAA2E622F}
	EndGlobalSection
EndGlobal
